
Microsoft Visual Studio Solution File, Format Version 12.00
# Visual Studio 15
VisualStudioVersion = 15.0.27703.2042
MinimumVisualStudioVersion = 10.0.40219.1
Project("{FAE04EC0-301F-11D3-BF4B-00C04F79EFBC}") = "scanner", "scanner\scanner.csproj", "{2BFA69A7-316D-47A4-8663-07F3805C9888}"
EndProject
Global
	GlobalSection(SolutionConfigurationPlatforms) = preSolution
		Debug|Any CPU = Debug|Any CPU
		Release|Any CPU = Release|Any CPU
	EndGlobalSection
	GlobalSection(ProjectConfigurationPlatforms) = postSolution
		{2BFA69A7-316D-47A4-8663-07F3805C9888}.Debug|Any CPU.ActiveCfg = Debug|Any CPU
		{2BFA69A7-316D-47A4-8663-07F3805C9888}.Debug|Any CPU.Build.0 = Debug|Any CPU
		{2BFA69A7-316D-47A4-8663-07F3805C9888}.Release|Any CPU.ActiveCfg = Release|Any CPU
		{2BFA69A7-316D-47A4-8663-07F3805C9888}.Release|Any CPU.Build.0 = Release|Any CPU
	EndGlobalSection
	GlobalSection(SolutionProperties) = preSolution
		HideSolutionNode = FALSE
	EndGlobalSection
	GlobalSection(ExtensibilityGlobals) = postSolution
		SolutionGuid = {A3FBF524-3C39-44DE-B6B5-C0B0270462F2}
	EndGlobalSection
EndGlobal
